// !$*UTF8*$!
{
	archiveVersion = 1;
	classes = {
	};
	objectVersion = 50;
	objects = {

/* Begin PBXBuildFile section */
		576B889F21EF58F6001835DA /* AppDelegate.swift in Sources */ = {isa = PBXBuildFile; fileRef = 576B889E21EF58F6001835DA /* AppDelegate.swift */; };
		576B88A121EF58F6001835DA /* ViewController.swift in Sources */ = {isa = PBXBuildFile; fileRef = 576B88A021EF58F6001835DA /* ViewController.swift */; };
		576B88A421EF58F6001835DA /* Main.storyboard in Resources */ = {isa = PBXBuildFile; fileRef = 576B88A221EF58F6001835DA /* Main.storyboard */; };
		576B88A621EF58F8001835DA /* Assets.xcassets in Resources */ = {isa = PBXBuildFile; fileRef = 576B88A521EF58F8001835DA /* Assets.xcassets */; };
		576B88A921EF58F8001835DA /* LaunchScreen.storyboard in Resources */ = {isa = PBXBuildFile; fileRef = 576B88A721EF58F8001835DA /* LaunchScreen.storyboard */; };
		576B88B121EF5F5D001835DA /* TableViewController.swift in Sources */ = {isa = PBXBuildFile; fileRef = 576B88B021EF5F5D001835DA /* TableViewController.swift */; };
/* End PBXBuildFile section */

/* Begin PBXFileReference section */
		576B889B21EF58F6001835DA /* GoodPoster.app */ = {isa = PBXFileReference; explicitFileType = wrapper.application; includeInIndex = 0; path = GoodPoster.app; sourceTree = BUILT_PRODUCTS_DIR; };
		576B889E21EF58F6001835DA /* AppDelegate.swift */ = {isa = PBXFileReference; lastKnownFileType = sourcecode.swift; path = AppDelegate.swift; sourceTree = "<group>"; };
		576B88A021EF58F6001835DA /* ViewController.swift */ = {isa = PBXFileReference; lastKnownFileType = sourcecode.swift; path = ViewController.swift; sourceTree = "<group>"; };
		576B88A321EF58F6001835DA /* Base */ = {isa = PBXFileReference; lastKnownFileType = file.storyboard; name = Base; path = Base.lproj/Main.storyboard; sourceTree = "<group>"; };
		576B88A521EF58F8001835DA /* Assets.xcassets */ = {isa = PBXFileReference; lastKnownFileType = folder.assetcatalog; path = Assets.xcassets; sourceTree = "<group>"; };
		576B88A821EF58F8001835DA /* Base */ = {isa = PBXFileReference; lastKnownFileType = file.storyboard; name = Base; path = Base.lproj/LaunchScreen.storyboard; sourceTree = "<group>"; };
		576B88AA21EF58F8001835DA /* Info.plist */ = {isa = PBXFileReference; lastKnownFileType = text.plist.xml; path = Info.plist; sourceTree = "<group>"; };
		576B88B021EF5F5D001835DA /* TableViewController.swift */ = {isa = PBXFileReference; lastKnownFileType = sourcecode.swift; path = TableViewController.swift; sourceTree = "<group>"; };
/* End PBXFileReference section */

/* Begin PBXFrameworksBuildPhase section */
		576B889821EF58F6001835DA /* Frameworks */ = {
			isa = PBXFrameworksBuildPhase;
			buildActionMask = 2147483647;
			files = (
			);
			runOnlyForDeploymentPostprocessing = 0;
		};
/* End PBXFrameworksBuildPhase section */

/* Begin PBXGroup section */
		576B889221EF58F6001835DA = {
			isa = PBXGroup;
			children = (
				576B889D21EF58F6001835DA /* GoodPoster */,
				576B889C21EF58F6001835DA /* Products */,
			);
			sourceTree = "<group>";
		};
		576B889C21EF58F6001835DA /* Products */ = {
			isa = PBXGroup;
			children = (
				576B889B21EF58F6001835DA /* GoodPoster.app */,
			);
			name = Products;
			sourceTree = "<group>";
		};
		576B889D21EF58F6001835DA /* GoodPoster */ = {
			isa = PBXGroup;
			children = (
				576B889E21EF58F6001835DA /* AppDelegate.swift */,
				576B88A021EF58F6001835DA /* ViewController.swift */,
				576B88A221EF58F6001835DA /* Main.storyboard */,
				576B88A521EF58F8001835DA /* Assets.xcassets */,
				576B88A721EF58F8001835DA /* LaunchScreen.storyboard */,
				576B88AA21EF58F8001835DA /* Info.plist */,
				576B88B021EF5F5D001835DA /* TableViewController.swift */,
			);
			path = GoodPoster;
			sourceTree = "<group>";
		};
/* End PBXGroup section */

/* Begin PBXNativeTarget section */
		576B889A21EF58F6001835DA /* GoodPoster */ = {
			isa = PBXNativeTarget;
			buildConfigurationList = 576B88AD21EF58F8001835DA /* Build configuration list for PBXNativeTarget "GoodPoster" */;
			buildPhases = (
				576B889721EF58F6001835DA /* Sources */,
				576B889821EF58F6001835DA /* Frameworks */,
				576B889921EF58F6001835DA /* Resources */,
			);
			buildRules = (
			);
			dependencies = (
			);
			name = GoodPoster;
			productName = GoodPoster;
			productReference = 576B889B21EF58F6001835DA /* GoodPoster.app */;
			productType = "com.apple.product-type.application";
		};
/* End PBXNativeTarget section */

/* Begin PBXProject section */
		576B889321EF58F6001835DA /* Project object */ = {
			isa = PBXProject;
			attributes = {
				LastSwiftUpdateCheck = 1000;
				LastUpgradeCheck = 1000;
				ORGANIZATIONNAME = Chiafishh;
				TargetAttributes = {
					576B889A21EF58F6001835DA = {
						CreatedOnToolsVersion = 10.0;
					};
				};
			};
			buildConfigurationList = 576B889621EF58F6001835DA /* Build configuration list for PBXProject "GoodPoster" */;
			compatibilityVersion = "Xcode 9.3";
			developmentRegion = en;
			hasScannedForEncodings = 0;
			knownRegions = (
				en,
				Base,
			);
			mainGroup = 576B889221EF58F6001835DA;
			productRefGroup = 576B889C21EF58F6001835DA /* Products */;
			projectDirPath = "";
			projectRoot = "";
			targets = (
				576B889A21EF58F6001835DA /* GoodPoster */,
			);
		};
/* End PBXProject section */

/* Begin PBXResourcesBuildPhase section */
		576B889921EF58F6001835DA /* Resources */ = {
			isa = PBXResourcesBuildPhase;
			buildActionMask = 2147483647;
			files = (
				576B88A921EF58F8001835DA /* LaunchScreen.storyboard in Resources */,
				576B88A621EF58F8001835DA /* Assets.xcassets in Resources */,
				576B88A421EF58F6001835DA /* Main.storyboard in Resources */,
			);
			runOnlyForDeploymentPostprocessing = 0;
		};
/* End PBXResourcesBuildPhase section */

/* Begin PBXSourcesBuildPhase section */
		576B889721EF58F6001835DA /* Sources */ = {
			isa = PBXSourcesBuildPhase;
			buildActionMask = 2147483647;
			files = (
				576B88A121EF58F6001835DA /* ViewController.swift in Sources */,
				576B88B121EF5F5D001835DA /* TableViewController.swift in Sources */,
				576B889F21EF58F6001835DA /* AppDelegate.swift in Sources */,
			);
			runOnlyForDeploymentPostprocessing = 0;
		};
/* End PBXSourcesBuildPhase section */

/* Begin PBXVariantGroup section */
		576B88A221EF58F6001835DA /* Main.storyboard */ = {
			isa = PBXVariantGroup;
			children = (
				576B88A321EF58F6001835DA /* Base */,
			);
			name = Main.storyboard;
			sourceTree = "<group>";
		};
		576B88A721EF58F8001835DA /* LaunchScreen.storyboard */ = {
			isa = PBXVariantGroup;
			children = (
				576B88A821EF58F8001835DA /* Base */,
			);
			name = LaunchScreen.storyboard;
			sourceTree = "<group>";
		};
/* End PBXVariantGroup section */

/* Begin XCBuildConfiguration section */
		576B88AB21EF58F8001835DA /* Debug */ = {
			isa = XCBuildConfiguration;
			buildSettings = {
				ALWAYS_SEARCH_USER_PATHS = NO;
				CLANG_ANALYZER_NONNULL = YES;
				CLANG_ANALYZER_NUMBER_OBJECT_CONVERSION = YES_AGGRESSIVE;
				CLANG_CXX_LANGUAGE_STANDARD = "gnu++14";
				CLANG_CXX_LIBRARY = "libc++";
				CLANG_ENABLE_MODULES = YES;
				CLANG_ENABLE_OBJC_ARC = YES;
				CLANG_ENABLE_OBJC_WEAK = YES;
				CLANG_WARN_BLOCK_CAPTURE_AUTORELEASING = YES;
				CLANG_WARN_BOOL_CONVERSION = YES;
				CLANG_WARN_COMMA = YES;
				CLANG_WARN_CONSTANT_CONVERSION = YES;
				CLANG_WARN_DEPRECATED_OBJC_IMPLEMENTATIONS = YES;
				CLANG_WARN_DIRECT_OBJC_ISA_USAGE = YES_ERROR;
				CLANG_WARN_DOCUMENTATION_COMMENTS = YES;
				CLANG_WARN_EMPTY_BODY = YES;
				CLANG_WARN_ENUM_CONVERSION = YES;
				CLANG_WARN_INFINITE_RECURSION = YES;
				CLANG_WARN_INT_CONVERSION = YES;
				CLANG_WARN_NON_LITERAL_NULL_CONVERSION = YES;
				CLANG_WARN_OBJC_IMPLICIT_RETAIN_SELF = YES;
				CLANG_WARN_OBJC_LITERAL_CONVERSION = YES;
				CLANG_WARN_OBJC_ROOT_CLASS = YES_ERROR;
				CLANG_WARN_RANGE_LOOP_ANALYSIS = YES;
				CLANG_WARN_STRICT_PROTOTYPES = YES;
				CLANG_WARN_SUSPICIOUS_MOVE = YES;
				CLANG_WARN_UNGUARDED_AVAILABILITY = YES_AGGRESSIVE;
				CLANG_WARN_UNREACHABLE_CODE = YES;
				CLANG_WARN__DUPLICATE_METHOD_MATCH = YES;
				CODE_SIGN_IDENTITY = "iPhone Developer";
				COPY_PHASE_STRIP = NO;
				DEBUG_INFORMATION_FORMAT = dwarf;
				ENABLE_STRICT_OBJC_MSGSEND = YES;
				ENABLE_TESTABILITY = YES;
				GCC_C_LANGUAGE_STANDARD = gnu11;
				GCC_DYNAMIC_NO_PIC = NO;
				GCC_NO_COMMON_BLOCKS = YES;
				GCC_OPTIMIZATION_LEVEL = 0;
				GCC_PREPROCESSOR_DEFINITIONS = (
					"DEBUG=1",
					"$(inherited)",
				);
				GCC_WARN_64_TO_32_BIT_CONVERSION = YES;
				GCC_WARN_ABOUT_RETURN_TYPE = YES_ERROR;
				GCC_WARN_UNDECLARED_SELECTOR = YES;
				GCC_WARN_UNINITIALIZED_AUTOS = YES_AGGRESSIVE;
				GCC_WARN_UNUSED_FUNCTION = YES;
				GCC_WARN_UNUSED_VARIABLE = YES;
				IPHONEOS_DEPLOYMENT_TARGET = 12.0;
				MTL_ENABLE_DEBUG_INFO = INCLUDE_SOURCE;
				MTL_FAST_MATH = YES;
				ONLY_ACTIVE_ARCH = YES;
				SDKROOT = iphoneos;
				SWIFT_ACTIVE_COMPILATION_CONDITIONS = DEBUG;
				SWIFT_OPTIMIZATION_LEVEL = "-Onone";
			};
			name = Debug;
		};
		576B88AC21EF58F8001835DA /* Release */ = {
			isa = XCBuildConfiguration;
			buildSettings = {
				ALWAYS_SEARCH_USER_PATHS = NO;
				CLANG_ANALYZER_NONNULL = YES;
				CLANG_ANALYZER_NUMBER_OBJECT_CONVERSION = YES_AGGRESSIVE;
				CLANG_CXX_LANGUAGE_STANDARD = "gnu++14";
				CLANG_CXX_LIBRARY = "libc++";
				CLANG_ENABLE_MODULES = YES;
				CLANG_ENABLE_OBJC_ARC = YES;
				CLANG_ENABLE_OBJC_WEAK = YES;
				CLANG_WARN_BLOCK_CAPTURE_AUTORELEASING = YES;
				CLANG_WARN_BOOL_CONVERSION = YES;
				CLANG_WARN_COMMA = YES;
				CLANG_WARN_CONSTANT_CONVERSION = YES;
				CLANG_WARN_DEPRECATED_OBJC_IMPLEMENTATIONS = YES;
				CLANG_WARN_DIRECT_OBJC_ISA_USAGE = YES_ERROR;
				CLANG_WARN_DOCUMENTATION_COMMENTS = YES;
				CLANG_WARN_EMPTY_BODY = YES;
				CLANG_WARN_ENUM_CONVERSION = YES;
				CLANG_WARN_INFINITE_RECURSION = YES;
				CLANG_WARN_INT_CONVERSION = YES;
				CLANG_WARN_NON_LITERAL_NULL_CONVERSION = YES;
				CLANG_WARN_OBJC_IMPLICIT_RETAIN_SELF = YES;
				CLANG_WARN_OBJC_LITERAL_CONVERSION = YES;
				CLANG_WARN_OBJC_ROOT_CLASS = YES_ERROR;
				CLANG_WARN_RANGE_LOOP_ANALYSIS = YES;
				CLANG_WARN_STRICT_PROTOTYPES = YES;
				CLANG_WARN_SUSPICIOUS_MOVE = YES;
				CLANG_WARN_UNGUARDED_AVAILABILITY = YES_AGGRESSIVE;
				CLANG_WARN_UNREACHABLE_CODE = YES;
				CLANG_WARN__DUPLICATE_METHOD_MATCH = YES;
				CODE_SIGN_IDENTITY = "iPhone Developer";
				COPY_PHASE_STRIP = NO;
				DEBUG_INFORMATION_FORMAT = "dwarf-with-dsym";
				ENABLE_NS_ASSERTIONS = NO;
				ENABLE_STRICT_OBJC_MSGSEND = YES;
				GCC_C_LANGUAGE_STANDARD = gnu11;
				GCC_NO_COMMON_BLOCKS = YES;
				GCC_WARN_64_TO_32_BIT_CONVERSION = YES;
				GCC_WARN_ABOUT_RETURN_TYPE = YES_ERROR;
				GCC_WARN_UNDECLARED_SELECTOR = YES;
				GCC_WARN_UNINITIALIZED_AUTOS = YES_AGGRESSIVE;
				GCC_WARN_UNUSED_FUNCTION = YES;
				GCC_WARN_UNUSED_VARIABLE = YES;
				IPHONEOS_DEPLOYMENT_TARGET = 12.0;
				MTL_ENABLE_DEBUG_INFO = NO;
				MTL_FAST_MATH = YES;
				SDKROOT = iphoneos;
				SWIFT_COMPILATION_MODE = wholemodule;
				SWIFT_OPTIMIZATION_LEVEL = "-O";
				VALIDATE_PRODUCT = YES;
			};
			name = Release;
		};
		576B88AE21EF58F8001835DA /* Debug */ = {
			isa = XCBuildConfiguration;
			buildSettings = {
				ASSETCATALOG_COMPILER_APPICON_NAME = AppIcon;
				CODE_SIGN_STYLE = Automatic;
				INFOPLIST_FILE = GoodPoster/Info.plist;
				LD_RUNPATH_SEARCH_PATHS = (
					"$(inherited)",
					"@executable_path/Frameworks",
				);
				PRODUCT_BUNDLE_IDENTIFIER = fishChia.GoodPoster;
				PRODUCT_NAME = "$(TARGET_NAME)";
				SWIFT_VERSION = 4.2;
				TARGETED_DEVICE_FAMILY = "1,2";
			};
			name = Debug;
		};
		576B88AF21EF58F8001835DA /* Release */ = {
			isa = XCBuildConfiguration;
			buildSettings = {
				ASSETCATALOG_COMPILER_APPICON_NAME = AppIcon;
				CODE_SIGN_STYLE = Automatic;
				INFOPLIST_FILE = GoodPoster/Info.plist;
				LD_RUNPATH_SEARCH_PATHS = (
					"$(inherited)",
					"@executable_path/Frameworks",
				);
				PRODUCT_BUNDLE_IDENTIFIER = fishChia.GoodPoster;
				PRODUCT_NAME = "$(TARGET_NAME)";
				SWIFT_VERSION = 4.2;
				TARGETED_DEVICE_FAMILY = "1,2";
			};
			name = Release;
		};
/* End XCBuildConfiguration section */

/* Begin XCConfigurationList section */
		576B889621EF58F6001835DA /* Build configuration list for PBXProject "GoodPoster" */ = {
			isa = XCConfigurationList;
			buildConfigurations = (
				576B88AB21EF58F8001835DA /* Debug */,
				576B88AC21EF58F8001835DA /* Release */,
			);
			defaultConfigurationIsVisible = 0;
			defaultConfigurationName = Release;
		};
		576B88AD21EF58F8001835DA /* Build configuration list for PBXNativeTarget "GoodPoster" */ = {
			isa = XCConfigurationList;
			buildConfigurations = (
				576B88AE21EF58F8001835DA /* Debug */,
				576B88AF21EF58F8001835DA /* Release */,
			);
			defaultConfigurationIsVisible = 0;
			defaultConfigurationName = Release;
		};
/* End XCConfigurationList section */
	};
	rootObject = 576B889321EF58F6001835DA /* Project object */;
}
